
Microsoft Visual Studio Solution File, Format Version 11.00
# Visual Studio 2010
Project("{FAE04EC0-301F-11D3-BF4B-00C04F79EFBC}") = "CaddyMagic.Web", "CaddyMagic\CaddyMagic.Web.csproj", "{1CC53B6F-2C6F-448F-93ED-47ACEF986CD4}"
EndProject
Project("{FAE04EC0-301F-11D3-BF4B-00C04F79EFBC}") = "CaddyMagic.Tests", "CaddyMagic.Tests\CaddyMagic.Tests.csproj", "{545F79D4-E96B-4866-8456-19D47E482778}"
EndProject
Project("{FAE04EC0-301F-11D3-BF4B-00C04F79EFBC}") = "CaddyMagic.Domain", "CaddyMagic.Domain\CaddyMagic.Domain.csproj", "{4625C4C7-739E-4F1D-9C1B-36C8886B6B9A}"
EndProject
Project("{FAE04EC0-301F-11D3-BF4B-00C04F79EFBC}") = "CaddyMagic.Data", "CaddyMagic.Data\CaddyMagic.Data.csproj", "{ABE45324-0908-49B5-AFCE-3597F1A6172B}"
EndProject
Project("{FAE04EC0-301F-11D3-BF4B-00C04F79EFBC}") = "CaddyMagic.KMLComsumer", "CaddyMagic.KMLComsumer\CaddyMagic.KMLComsumer.csproj", "{34EC1FED-E81A-4367-A0E5-68C30F90B48A}"
EndProject
Project("{FAE04EC0-301F-11D3-BF4B-00C04F79EFBC}") = "importer", "importer\importer.csproj", "{C10B4B70-1EB3-46E8-98D5-AF5C1C7FCDD8}"
EndProject
Global
	GlobalSection(SolutionConfigurationPlatforms) = preSolution
		Debug|Any CPU = Debug|Any CPU
		Debug|Mixed Platforms = Debug|Mixed Platforms
		Debug|x86 = Debug|x86
		Release|Any CPU = Release|Any CPU
		Release|Mixed Platforms = Release|Mixed Platforms
		Release|x86 = Release|x86
	EndGlobalSection
	GlobalSection(ProjectConfigurationPlatforms) = postSolution
		{1CC53B6F-2C6F-448F-93ED-47ACEF986CD4}.Debug|Any CPU.ActiveCfg = Debug|Any CPU
		{1CC53B6F-2C6F-448F-93ED-47ACEF986CD4}.Debug|Any CPU.Build.0 = Debug|Any CPU
		{1CC53B6F-2C6F-448F-93ED-47ACEF986CD4}.Debug|Mixed Platforms.ActiveCfg = Debug|Any CPU
		{1CC53B6F-2C6F-448F-93ED-47ACEF986CD4}.Debug|Mixed Platforms.Build.0 = Debug|Any CPU
		{1CC53B6F-2C6F-448F-93ED-47ACEF986CD4}.Debug|x86.ActiveCfg = Debug|Any CPU
		{1CC53B6F-2C6F-448F-93ED-47ACEF986CD4}.Release|Any CPU.ActiveCfg = Release|Any CPU
		{1CC53B6F-2C6F-448F-93ED-47ACEF986CD4}.Release|Any CPU.Build.0 = Release|Any CPU
		{1CC53B6F-2C6F-448F-93ED-47ACEF986CD4}.Release|Mixed Platforms.ActiveCfg = Release|Any CPU
		{1CC53B6F-2C6F-448F-93ED-47ACEF986CD4}.Release|Mixed Platforms.Build.0 = Release|Any CPU
		{1CC53B6F-2C6F-448F-93ED-47ACEF986CD4}.Release|x86.ActiveCfg = Release|Any CPU
		{545F79D4-E96B-4866-8456-19D47E482778}.Debug|Any CPU.ActiveCfg = Debug|Any CPU
		{545F79D4-E96B-4866-8456-19D47E482778}.Debug|Any CPU.Build.0 = Debug|Any CPU
		{545F79D4-E96B-4866-8456-19D47E482778}.Debug|Mixed Platforms.ActiveCfg = Debug|Any CPU
		{545F79D4-E96B-4866-8456-19D47E482778}.Debug|Mixed Platforms.Build.0 = Debug|Any CPU
		{545F79D4-E96B-4866-8456-19D47E482778}.Debug|x86.ActiveCfg = Debug|Any CPU
		{545F79D4-E96B-4866-8456-19D47E482778}.Release|Any CPU.ActiveCfg = Release|Any CPU
		{545F79D4-E96B-4866-8456-19D47E482778}.Release|Any CPU.Build.0 = Release|Any CPU
		{545F79D4-E96B-4866-8456-19D47E482778}.Release|Mixed Platforms.ActiveCfg = Release|Any CPU
		{545F79D4-E96B-4866-8456-19D47E482778}.Release|Mixed Platforms.Build.0 = Release|Any CPU
		{545F79D4-E96B-4866-8456-19D47E482778}.Release|x86.ActiveCfg = Release|Any CPU
		{4625C4C7-739E-4F1D-9C1B-36C8886B6B9A}.Debug|Any CPU.ActiveCfg = Debug|Any CPU
		{4625C4C7-739E-4F1D-9C1B-36C8886B6B9A}.Debug|Any CPU.Build.0 = Debug|Any CPU
		{4625C4C7-739E-4F1D-9C1B-36C8886B6B9A}.Debug|Mixed Platforms.ActiveCfg = Debug|Any CPU
		{4625C4C7-739E-4F1D-9C1B-36C8886B6B9A}.Debug|Mixed Platforms.Build.0 = Debug|Any CPU
		{4625C4C7-739E-4F1D-9C1B-36C8886B6B9A}.Debug|x86.ActiveCfg = Debug|Any CPU
		{4625C4C7-739E-4F1D-9C1B-36C8886B6B9A}.Release|Any CPU.ActiveCfg = Release|Any CPU
		{4625C4C7-739E-4F1D-9C1B-36C8886B6B9A}.Release|Any CPU.Build.0 = Release|Any CPU
		{4625C4C7-739E-4F1D-9C1B-36C8886B6B9A}.Release|Mixed Platforms.ActiveCfg = Release|Any CPU
		{4625C4C7-739E-4F1D-9C1B-36C8886B6B9A}.Release|Mixed Platforms.Build.0 = Release|Any CPU
		{4625C4C7-739E-4F1D-9C1B-36C8886B6B9A}.Release|x86.ActiveCfg = Release|Any CPU
		{ABE45324-0908-49B5-AFCE-3597F1A6172B}.Debug|Any CPU.ActiveCfg = Debug|Any CPU
		{ABE45324-0908-49B5-AFCE-3597F1A6172B}.Debug|Any CPU.Build.0 = Debug|Any CPU
		{ABE45324-0908-49B5-AFCE-3597F1A6172B}.Debug|Mixed Platforms.ActiveCfg = Debug|Any CPU
		{ABE45324-0908-49B5-AFCE-3597F1A6172B}.Debug|Mixed Platforms.Build.0 = Debug|Any CPU
		{ABE45324-0908-49B5-AFCE-3597F1A6172B}.Debug|x86.ActiveCfg = Debug|Any CPU
		{ABE45324-0908-49B5-AFCE-3597F1A6172B}.Release|Any CPU.ActiveCfg = Release|Any CPU
		{ABE45324-0908-49B5-AFCE-3597F1A6172B}.Release|Any CPU.Build.0 = Release|Any CPU
		{ABE45324-0908-49B5-AFCE-3597F1A6172B}.Release|Mixed Platforms.ActiveCfg = Release|Any CPU
		{ABE45324-0908-49B5-AFCE-3597F1A6172B}.Release|Mixed Platforms.Build.0 = Release|Any CPU
		{ABE45324-0908-49B5-AFCE-3597F1A6172B}.Release|x86.ActiveCfg = Release|Any CPU
		{34EC1FED-E81A-4367-A0E5-68C30F90B48A}.Debug|Any CPU.ActiveCfg = Debug|x86
		{34EC1FED-E81A-4367-A0E5-68C30F90B48A}.Debug|Mixed Platforms.ActiveCfg = Debug|x86
		{34EC1FED-E81A-4367-A0E5-68C30F90B48A}.Debug|Mixed Platforms.Build.0 = Debug|x86
		{34EC1FED-E81A-4367-A0E5-68C30F90B48A}.Debug|x86.ActiveCfg = Debug|x86
		{34EC1FED-E81A-4367-A0E5-68C30F90B48A}.Debug|x86.Build.0 = Debug|x86
		{34EC1FED-E81A-4367-A0E5-68C30F90B48A}.Release|Any CPU.ActiveCfg = Release|x86
		{34EC1FED-E81A-4367-A0E5-68C30F90B48A}.Release|Mixed Platforms.ActiveCfg = Release|x86
		{34EC1FED-E81A-4367-A0E5-68C30F90B48A}.Release|Mixed Platforms.Build.0 = Release|x86
		{34EC1FED-E81A-4367-A0E5-68C30F90B48A}.Release|x86.ActiveCfg = Release|x86
		{34EC1FED-E81A-4367-A0E5-68C30F90B48A}.Release|x86.Build.0 = Release|x86
		{C10B4B70-1EB3-46E8-98D5-AF5C1C7FCDD8}.Debug|Any CPU.ActiveCfg = Debug|x86
		{C10B4B70-1EB3-46E8-98D5-AF5C1C7FCDD8}.Debug|Mixed Platforms.ActiveCfg = Debug|x86
		{C10B4B70-1EB3-46E8-98D5-AF5C1C7FCDD8}.Debug|Mixed Platforms.Build.0 = Debug|x86
		{C10B4B70-1EB3-46E8-98D5-AF5C1C7FCDD8}.Debug|x86.ActiveCfg = Debug|x86
		{C10B4B70-1EB3-46E8-98D5-AF5C1C7FCDD8}.Debug|x86.Build.0 = Debug|x86
		{C10B4B70-1EB3-46E8-98D5-AF5C1C7FCDD8}.Release|Any CPU.ActiveCfg = Release|x86
		{C10B4B70-1EB3-46E8-98D5-AF5C1C7FCDD8}.Release|Mixed Platforms.ActiveCfg = Release|x86
		{C10B4B70-1EB3-46E8-98D5-AF5C1C7FCDD8}.Release|Mixed Platforms.Build.0 = Release|x86
		{C10B4B70-1EB3-46E8-98D5-AF5C1C7FCDD8}.Release|x86.ActiveCfg = Release|x86
		{C10B4B70-1EB3-46E8-98D5-AF5C1C7FCDD8}.Release|x86.Build.0 = Release|x86
	EndGlobalSection
	GlobalSection(SolutionProperties) = preSolution
		HideSolutionNode = FALSE
	EndGlobalSection
EndGlobal
